
Microsoft Visual Studio Solution File, Format Version 12.00
# Visual Studio 15
VisualStudioVersion = 15.0.27703.2042
MinimumVisualStudioVersion = 10.0.40219.1
Project("{9A19103F-16F7-4668-BE54-9A1E7A4F7556}") = "LoggingInfrastructure", "Source Code\LoggingInfrastructure\LoggingInfrastructure.csproj", "{E6C3BEA8-326F-43E1-AB0E-F9233D56B2D5}"
EndProject
Project("{9A19103F-16F7-4668-BE54-9A1E7A4F7556}") = "LoggableApplication", "Samples\LoggableApplication\LoggableApplication.csproj", "{3012AFCC-8290-4E18-A837-6F6CE2628DDB}"
EndProject
Global
	GlobalSection(SolutionConfigurationPlatforms) = preSolution
		Debug|Any CPU = Debug|Any CPU
		Release|Any CPU = Release|Any CPU
	EndGlobalSection
	GlobalSection(ProjectConfigurationPlatforms) = postSolution
		{E6C3BEA8-326F-43E1-AB0E-F9233D56B2D5}.Debug|Any CPU.ActiveCfg = Debug|Any CPU
		{E6C3BEA8-326F-43E1-AB0E-F9233D56B2D5}.Debug|Any CPU.Build.0 = Debug|Any CPU
		{E6C3BEA8-326F-43E1-AB0E-F9233D56B2D5}.Release|Any CPU.ActiveCfg = Release|Any CPU
		{E6C3BEA8-326F-43E1-AB0E-F9233D56B2D5}.Release|Any CPU.Build.0 = Release|Any CPU
		{3012AFCC-8290-4E18-A837-6F6CE2628DDB}.Debug|Any CPU.ActiveCfg = Debug|Any CPU
		{3012AFCC-8290-4E18-A837-6F6CE2628DDB}.Debug|Any CPU.Build.0 = Debug|Any CPU
		{3012AFCC-8290-4E18-A837-6F6CE2628DDB}.Release|Any CPU.ActiveCfg = Release|Any CPU
		{3012AFCC-8290-4E18-A837-6F6CE2628DDB}.Release|Any CPU.Build.0 = Release|Any CPU
	EndGlobalSection
	GlobalSection(SolutionProperties) = preSolution
		HideSolutionNode = FALSE
	EndGlobalSection
	GlobalSection(ExtensibilityGlobals) = postSolution
		SolutionGuid = {479A2A5F-7A86-4DAF-96B7-0F73D0722BC0}
	EndGlobalSection
EndGlobal
